{
    "_readme": [
        "This file locks the dependencies of your project to a known state",
        "Read more about it at https://getcomposer.org/doc/01-basic-usage.md#composer-lock-the-lock-file",
        "This file is @generated automatically"
    ],
    "hash": "e97d401974b26a80648ac0fa373e56b2",
    "content-hash": "7f3e5dbe0ec79ffb3b842b698bc3b699",
    "packages": [
        {
            "name": "xrt/cachesimple",
            "version": "dev-master",
            "source": {
                "type": "git",
                "url": "https://bitbucket.org/ctebah/cachesimple.git",
                "reference": "02759eefceecc54bf5164dde334eb32f29dcb94c"
            },
            "dist": {
                "type": "zip",
                "url": "https://bitbucket.org/ctebah/cachesimple/get/02759eefceecc54bf5164dde334eb32f29dcb94c.zip",
                "reference": "02759eefceecc54bf5164dde334eb32f29dcb94c",
                "shasum": ""
            },
            "require": {
                "php": ">=5.5"
            },
            "type": "git",
            "autoload": {
                "psr-4": {
                    "Xrt\\CacheSimple\\": "src"
                }
            },
            "support": {
                "source": "https://bitbucket.org/ctebah/cachesimple/src/02759eefceecc54bf5164dde334eb32f29dcb94c/?at=master"
            },
            "time": "2016-11-08 23:08:07"
        }
    ],
    "packages-dev": [],
    "aliases": [],
    "minimum-stability": "stable",
    "stability-flags": {
        "xrt/cachesimple": 20
    },
    "prefer-stable": false,
    "prefer-lowest": false,
    "platform": {
        "php": ">=5.5"
    },
    "platform-dev": []
}
